
Microsoft Visual Studio Solution File, Format Version 12.00
# Visual Studio Version 16
VisualStudioVersion = 16.0.31105.61
MinimumVisualStudioVersion = 10.0.40219.1
Project("{FAE04EC0-301F-11D3-BF4B-00C04F79EFBC}") = "20520481_LeTruongNgocHai_BTTH02", "20520481_LeTruongNgocHai_BTTH02\20520481_LeTruongNgocHai_BTTH02.csproj", "{A1FC428A-2A82-4CCA-93C0-6FD468605088}"
EndProject
Global
	GlobalSection(SolutionConfigurationPlatforms) = preSolution
		Debug|Any CPU = Debug|Any CPU
		Release|Any CPU = Release|Any CPU
	EndGlobalSection
	GlobalSection(ProjectConfigurationPlatforms) = postSolution
		{A1FC428A-2A82-4CCA-93C0-6FD468605088}.Debug|Any CPU.ActiveCfg = Debug|Any CPU
		{A1FC428A-2A82-4CCA-93C0-6FD468605088}.Debug|Any CPU.Build.0 = Debug|Any CPU
		{A1FC428A-2A82-4CCA-93C0-6FD468605088}.Release|Any CPU.ActiveCfg = Release|Any CPU
		{A1FC428A-2A82-4CCA-93C0-6FD468605088}.Release|Any CPU.Build.0 = Release|Any CPU
	EndGlobalSection
	GlobalSection(SolutionProperties) = preSolution
		HideSolutionNode = FALSE
	EndGlobalSection
	GlobalSection(ExtensibilityGlobals) = postSolution
		SolutionGuid = {A4252479-0432-45F3-A8D4-0A0B1AE9421E}
	EndGlobalSection
EndGlobal
